// !$*UTF8*$!
{
	archiveVersion = 1;
	classes = {
	};
	objectVersion = 46;
	objects = {

/* Begin PBXBuildFile section */
		19C457DF1BFCF314000A79EC /* Places.plist in Resources */ = {isa = PBXBuildFile; fileRef = 19C457DE1BFCF314000A79EC /* Places.plist */; };
		19C6A0421BED7C8E003018D2 /* main.m in Sources */ = {isa = PBXBuildFile; fileRef = 19C6A0411BED7C8E003018D2 /* main.m */; };
		19C6A0451BED7C8E003018D2 /* AppDelegate.m in Sources */ = {isa = PBXBuildFile; fileRef = 19C6A0441BED7C8E003018D2 /* AppDelegate.m */; };
		19C6A04B1BED7C90003018D2 /* Main.storyboard in Resources */ = {isa = PBXBuildFile; fileRef = 19C6A0491BED7C90003018D2 /* Main.storyboard */; };
		19C6A04D1BED7C91003018D2 /* Images.xcassets in Resources */ = {isa = PBXBuildFile; fileRef = 19C6A04C1BED7C91003018D2 /* Images.xcassets */; };
		19C6A0501BED7C91003018D2 /* LaunchScreen.xib in Resources */ = {isa = PBXBuildFile; fileRef = 19C6A04E1BED7C91003018D2 /* LaunchScreen.xib */; };
		19C6A05C1BED7C94003018D2 /* Lab_7___PlacesTests.m in Sources */ = {isa = PBXBuildFile; fileRef = 19C6A05B1BED7C94003018D2 /* Lab_7___PlacesTests.m */; };
		19C6A0671BED7D9A003018D2 /* PlaceModel.m in Sources */ = {isa = PBXBuildFile; fileRef = 19C6A0661BED7D9A003018D2 /* PlaceModel.m */; };
		19C6A06A1BED809B003018D2 /* CollectionViewController.m in Sources */ = {isa = PBXBuildFile; fileRef = 19C6A0691BED809B003018D2 /* CollectionViewController.m */; };
		19C6A06F1BED8338003018D2 /* CollectionViewCell.m in Sources */ = {isa = PBXBuildFile; fileRef = 19C6A06E1BED8338003018D2 /* CollectionViewCell.m */; };
		19C6A0721BED8F38003018D2 /* DetailViewController.m in Sources */ = {isa = PBXBuildFile; fileRef = 19C6A0711BED8F38003018D2 /* DetailViewController.m */; };
/* End PBXBuildFile section */

/* Begin PBXContainerItemProxy section */
		19C6A0561BED7C94003018D2 /* PBXContainerItemProxy */ = {
			isa = PBXContainerItemProxy;
			containerPortal = 19C6A0341BED7C8D003018D2 /* Project object */;
			proxyType = 1;
			remoteGlobalIDString = 19C6A03B1BED7C8E003018D2;
			remoteInfo = "Lab 7 - Places";
		};
/* End PBXContainerItemProxy section */

/* Begin PBXFileReference section */
		19C457DE1BFCF314000A79EC /* Places.plist */ = {isa = PBXFileReference; fileEncoding = 4; lastKnownFileType = text.plist.xml; path = Places.plist; sourceTree = "<group>"; };
		19C6A03C1BED7C8E003018D2 /* Lab 7 - Places.app */ = {isa = PBXFileReference; explicitFileType = wrapper.application; includeInIndex = 0; path = "Lab 7 - Places.app"; sourceTree = BUILT_PRODUCTS_DIR; };
		19C6A0401BED7C8E003018D2 /* Info.plist */ = {isa = PBXFileReference; lastKnownFileType = text.plist.xml; path = Info.plist; sourceTree = "<group>"; };
		19C6A0411BED7C8E003018D2 /* main.m */ = {isa = PBXFileReference; lastKnownFileType = sourcecode.c.objc; path = main.m; sourceTree = "<group>"; };
		19C6A0431BED7C8E003018D2 /* AppDelegate.h */ = {isa = PBXFileReference; lastKnownFileType = sourcecode.c.h; path = AppDelegate.h; sourceTree = "<group>"; };
		19C6A0441BED7C8E003018D2 /* AppDelegate.m */ = {isa = PBXFileReference; lastKnownFileType = sourcecode.c.objc; path = AppDelegate.m; sourceTree = "<group>"; };
		19C6A04A1BED7C90003018D2 /* Base */ = {isa = PBXFileReference; lastKnownFileType = file.storyboard; name = Base; path = Base.lproj/Main.storyboard; sourceTree = "<group>"; };
		19C6A04C1BED7C91003018D2 /* Images.xcassets */ = {isa = PBXFileReference; lastKnownFileType = folder.assetcatalog; path = Images.xcassets; sourceTree = "<group>"; };
		19C6A04F1BED7C91003018D2 /* Base */ = {isa = PBXFileReference; lastKnownFileType = file.xib; name = Base; path = Base.lproj/LaunchScreen.xib; sourceTree = "<group>"; };
		19C6A0551BED7C94003018D2 /* Lab 7 - PlacesTests.xctest */ = {isa = PBXFileReference; explicitFileType = wrapper.cfbundle; includeInIndex = 0; path = "Lab 7 - PlacesTests.xctest"; sourceTree = BUILT_PRODUCTS_DIR; };
		19C6A05A1BED7C94003018D2 /* Info.plist */ = {isa = PBXFileReference; lastKnownFileType = text.plist.xml; path = Info.plist; sourceTree = "<group>"; };
		19C6A05B1BED7C94003018D2 /* Lab_7___PlacesTests.m */ = {isa = PBXFileReference; lastKnownFileType = sourcecode.c.objc; path = "Lab_7___PlacesTests.m"; sourceTree = "<group>"; };
		19C6A0651BED7D9A003018D2 /* PlaceModel.h */ = {isa = PBXFileReference; fileEncoding = 4; lastKnownFileType = sourcecode.c.h; name = PlaceModel.h; path = ../PlaceModel.h; sourceTree = "<group>"; };
		19C6A0661BED7D9A003018D2 /* PlaceModel.m */ = {isa = PBXFileReference; fileEncoding = 4; lastKnownFileType = sourcecode.c.objc; name = PlaceModel.m; path = ../PlaceModel.m; sourceTree = "<group>"; };
		19C6A0681BED809B003018D2 /* CollectionViewController.h */ = {isa = PBXFileReference; fileEncoding = 4; lastKnownFileType = sourcecode.c.h; path = CollectionViewController.h; sourceTree = "<group>"; };
		19C6A0691BED809B003018D2 /* CollectionViewController.m */ = {isa = PBXFileReference; fileEncoding = 4; lastKnownFileType = sourcecode.c.objc; path = CollectionViewController.m; sourceTree = "<group>"; };
		19C6A06D1BED8338003018D2 /* CollectionViewCell.h */ = {isa = PBXFileReference; fileEncoding = 4; lastKnownFileType = sourcecode.c.h; path = CollectionViewCell.h; sourceTree = "<group>"; };
		19C6A06E1BED8338003018D2 /* CollectionViewCell.m */ = {isa = PBXFileReference; fileEncoding = 4; lastKnownFileType = sourcecode.c.objc; path = CollectionViewCell.m; sourceTree = "<group>"; };
		19C6A0701BED8F38003018D2 /* DetailViewController.h */ = {isa = PBXFileReference; fileEncoding = 4; lastKnownFileType = sourcecode.c.h; path = DetailViewController.h; sourceTree = "<group>"; };
		19C6A0711BED8F38003018D2 /* DetailViewController.m */ = {isa = PBXFileReference; fileEncoding = 4; lastKnownFileType = sourcecode.c.objc; path = DetailViewController.m; sourceTree = "<group>"; };
/* End PBXFileReference section */

/* Begin PBXFrameworksBuildPhase section */
		19C6A0391BED7C8E003018D2 /* Frameworks */ = {
			isa = PBXFrameworksBuildPhase;
			buildActionMask = 2147483647;
			files = (
			);
			runOnlyForDeploymentPostprocessing = 0;
		};
		19C6A0521BED7C94003018D2 /* Frameworks */ = {
			isa = PBXFrameworksBuildPhase;
			buildActionMask = 2147483647;
			files = (
			);
			runOnlyForDeploymentPostprocessing = 0;
		};
/* End PBXFrameworksBuildPhase section */

/* Begin PBXGroup section */
		19C6A0331BED7C8D003018D2 = {
			isa = PBXGroup;
			children = (
				19C6A03E1BED7C8E003018D2 /* Lab 7 - Places */,
				19C6A0581BED7C94003018D2 /* Lab 7 - PlacesTests */,
				19C6A03D1BED7C8E003018D2 /* Products */,
			);
			sourceTree = "<group>";
		};
		19C6A03D1BED7C8E003018D2 /* Products */ = {
			isa = PBXGroup;
			children = (
				19C6A03C1BED7C8E003018D2 /* Lab 7 - Places.app */,
				19C6A0551BED7C94003018D2 /* Lab 7 - PlacesTests.xctest */,
			);
			name = Products;
			sourceTree = "<group>";
		};
		19C6A03E1BED7C8E003018D2 /* Lab 7 - Places */ = {
			isa = PBXGroup;
			children = (
				19C6A0651BED7D9A003018D2 /* PlaceModel.h */,
				19C6A0661BED7D9A003018D2 /* PlaceModel.m */,
				19C6A0431BED7C8E003018D2 /* AppDelegate.h */,
				19C6A0441BED7C8E003018D2 /* AppDelegate.m */,
				19C6A0491BED7C90003018D2 /* Main.storyboard */,
				19C6A06D1BED8338003018D2 /* CollectionViewCell.h */,
				19C6A06E1BED8338003018D2 /* CollectionViewCell.m */,
				19C6A0681BED809B003018D2 /* CollectionViewController.h */,
				19C6A0691BED809B003018D2 /* CollectionViewController.m */,
				19C6A0701BED8F38003018D2 /* DetailViewController.h */,
				19C6A0711BED8F38003018D2 /* DetailViewController.m */,
				19C457DE1BFCF314000A79EC /* Places.plist */,
				19C6A04C1BED7C91003018D2 /* Images.xcassets */,
				19C6A04E1BED7C91003018D2 /* LaunchScreen.xib */,
				19C6A03F1BED7C8E003018D2 /* Supporting Files */,
			);
			path = "Lab 7 - Places";
			sourceTree = "<group>";
		};
		19C6A03F1BED7C8E003018D2 /* Supporting Files */ = {
			isa = PBXGroup;
			children = (
				19C6A0401BED7C8E003018D2 /* Info.plist */,
				19C6A0411BED7C8E003018D2 /* main.m */,
			);
			name = "Supporting Files";
			sourceTree = "<group>";
		};
		19C6A0581BED7C94003018D2 /* Lab 7 - PlacesTests */ = {
			isa = PBXGroup;
			children = (
				19C6A05B1BED7C94003018D2 /* Lab_7___PlacesTests.m */,
				19C6A0591BED7C94003018D2 /* Supporting Files */,
			);
			path = "Lab 7 - PlacesTests";
			sourceTree = "<group>";
		};
		19C6A0591BED7C94003018D2 /* Supporting Files */ = {
			isa = PBXGroup;
			children = (
				19C6A05A1BED7C94003018D2 /* Info.plist */,
			);
			name = "Supporting Files";
			sourceTree = "<group>";
		};
/* End PBXGroup section */

/* Begin PBXNativeTarget section */
		19C6A03B1BED7C8E003018D2 /* Lab 7 - Places */ = {
			isa = PBXNativeTarget;
			buildConfigurationList = 19C6A05F1BED7C94003018D2 /* Build configuration list for PBXNativeTarget "Lab 7 - Places" */;
			buildPhases = (
				19C6A0381BED7C8E003018D2 /* Sources */,
				19C6A0391BED7C8E003018D2 /* Frameworks */,
				19C6A03A1BED7C8E003018D2 /* Resources */,
			);
			buildRules = (
			);
			dependencies = (
			);
			name = "Lab 7 - Places";
			productName = "Lab 7 - Places";
			productReference = 19C6A03C1BED7C8E003018D2 /* Lab 7 - Places.app */;
			productType = "com.apple.product-type.application";
		};
		19C6A0541BED7C94003018D2 /* Lab 7 - PlacesTests */ = {
			isa = PBXNativeTarget;
			buildConfigurationList = 19C6A0621BED7C94003018D2 /* Build configuration list for PBXNativeTarget "Lab 7 - PlacesTests" */;
			buildPhases = (
				19C6A0511BED7C94003018D2 /* Sources */,
				19C6A0521BED7C94003018D2 /* Frameworks */,
				19C6A0531BED7C94003018D2 /* Resources */,
			);
			buildRules = (
			);
			dependencies = (
				19C6A0571BED7C94003018D2 /* PBXTargetDependency */,
			);
			name = "Lab 7 - PlacesTests";
			productName = "Lab 7 - PlacesTests";
			productReference = 19C6A0551BED7C94003018D2 /* Lab 7 - PlacesTests.xctest */;
			productType = "com.apple.product-type.bundle.unit-test";
		};
/* End PBXNativeTarget section */

/* Begin PBXProject section */
		19C6A0341BED7C8D003018D2 /* Project object */ = {
			isa = PBXProject;
			attributes = {
				LastUpgradeCheck = 0640;
				ORGANIZATIONNAME = "Yoo Jin Lee";
				TargetAttributes = {
					19C6A03B1BED7C8E003018D2 = {
						CreatedOnToolsVersion = 6.4;
					};
					19C6A0541BED7C94003018D2 = {
						CreatedOnToolsVersion = 6.4;
						TestTargetID = 19C6A03B1BED7C8E003018D2;
					};
				};
			};
			buildConfigurationList = 19C6A0371BED7C8D003018D2 /* Build configuration list for PBXProject "Lab 7 - Places" */;
			compatibilityVersion = "Xcode 3.2";
			developmentRegion = English;
			hasScannedForEncodings = 0;
			knownRegions = (
				en,
				Base,
			);
			mainGroup = 19C6A0331BED7C8D003018D2;
			productRefGroup = 19C6A03D1BED7C8E003018D2 /* Products */;
			projectDirPath = "";
			projectRoot = "";
			targets = (
				19C6A03B1BED7C8E003018D2 /* Lab 7 - Places */,
				19C6A0541BED7C94003018D2 /* Lab 7 - PlacesTests */,
			);
		};
/* End PBXProject section */

/* Begin PBXResourcesBuildPhase section */
		19C6A03A1BED7C8E003018D2 /* Resources */ = {
			isa = PBXResourcesBuildPhase;
			buildActionMask = 2147483647;
			files = (
				19C6A04B1BED7C90003018D2 /* Main.storyboard in Resources */,
				19C6A0501BED7C91003018D2 /* LaunchScreen.xib in Resources */,
				19C457DF1BFCF314000A79EC /* Places.plist in Resources */,
				19C6A04D1BED7C91003018D2 /* Images.xcassets in Resources */,
			);
			runOnlyForDeploymentPostprocessing = 0;
		};
		19C6A0531BED7C94003018D2 /* Resources */ = {
			isa = PBXResourcesBuildPhase;
			buildActionMask = 2147483647;
			files = (
			);
			runOnlyForDeploymentPostprocessing = 0;
		};
/* End PBXResourcesBuildPhase section */

/* Begin PBXSourcesBuildPhase section */
		19C6A0381BED7C8E003018D2 /* Sources */ = {
			isa = PBXSourcesBuildPhase;
			buildActionMask = 2147483647;
			files = (
				19C6A06F1BED8338003018D2 /* CollectionViewCell.m in Sources */,
				19C6A0671BED7D9A003018D2 /* PlaceModel.m in Sources */,
				19C6A0451BED7C8E003018D2 /* AppDelegate.m in Sources */,
				19C6A06A1BED809B003018D2 /* CollectionViewController.m in Sources */,
				19C6A0421BED7C8E003018D2 /* main.m in Sources */,
				19C6A0721BED8F38003018D2 /* DetailViewController.m in Sources */,
			);
			runOnlyForDeploymentPostprocessing = 0;
		};
		19C6A0511BED7C94003018D2 /* Sources */ = {
			isa = PBXSourcesBuildPhase;
			buildActionMask = 2147483647;
			files = (
				19C6A05C1BED7C94003018D2 /* Lab_7___PlacesTests.m in Sources */,
			);
			runOnlyForDeploymentPostprocessing = 0;
		};
/* End PBXSourcesBuildPhase section */

/* Begin PBXTargetDependency section */
		19C6A0571BED7C94003018D2 /* PBXTargetDependency */ = {
			isa = PBXTargetDependency;
			target = 19C6A03B1BED7C8E003018D2 /* Lab 7 - Places */;
			targetProxy = 19C6A0561BED7C94003018D2 /* PBXContainerItemProxy */;
		};
/* End PBXTargetDependency section */

/* Begin PBXVariantGroup section */
		19C6A0491BED7C90003018D2 /* Main.storyboard */ = {
			isa = PBXVariantGroup;
			children = (
				19C6A04A1BED7C90003018D2 /* Base */,
			);
			name = Main.storyboard;
			sourceTree = "<group>";
		};
		19C6A04E1BED7C91003018D2 /* LaunchScreen.xib */ = {
			isa = PBXVariantGroup;
			children = (
				19C6A04F1BED7C91003018D2 /* Base */,
			);
			name = LaunchScreen.xib;
			sourceTree = "<group>";
		};
/* End PBXVariantGroup section */

/* Begin XCBuildConfiguration section */
		19C6A05D1BED7C94003018D2 /* Debug */ = {
			isa = XCBuildConfiguration;
			buildSettings = {
				ALWAYS_SEARCH_USER_PATHS = NO;
				CLANG_CXX_LANGUAGE_STANDARD = "gnu++0x";
				CLANG_CXX_LIBRARY = "libc++";
				CLANG_ENABLE_MODULES = YES;
				CLANG_ENABLE_OBJC_ARC = YES;
				CLANG_WARN_BOOL_CONVERSION = YES;
				CLANG_WARN_CONSTANT_CONVERSION = YES;
				CLANG_WARN_DIRECT_OBJC_ISA_USAGE = YES_ERROR;
				CLANG_WARN_EMPTY_BODY = YES;
				CLANG_WARN_ENUM_CONVERSION = YES;
				CLANG_WARN_INT_CONVERSION = YES;
				CLANG_WARN_OBJC_ROOT_CLASS = YES_ERROR;
				CLANG_WARN_UNREACHABLE_CODE = YES;
				CLANG_WARN__DUPLICATE_METHOD_MATCH = YES;
				"CODE_SIGN_IDENTITY[sdk=iphoneos*]" = "iPhone Developer";
				COPY_PHASE_STRIP = NO;
				DEBUG_INFORMATION_FORMAT = "dwarf-with-dsym";
				ENABLE_STRICT_OBJC_MSGSEND = YES;
				GCC_C_LANGUAGE_STANDARD = gnu99;
				GCC_DYNAMIC_NO_PIC = NO;
				GCC_NO_COMMON_BLOCKS = YES;
				GCC_OPTIMIZATION_LEVEL = 0;
				GCC_PREPROCESSOR_DEFINITIONS = (
					"DEBUG=1",
					"$(inherited)",
				);
				GCC_SYMBOLS_PRIVATE_EXTERN = NO;
				GCC_WARN_64_TO_32_BIT_CONVERSION = YES;
				GCC_WARN_ABOUT_RETURN_TYPE = YES_ERROR;
				GCC_WARN_UNDECLARED_SELECTOR = YES;
				GCC_WARN_UNINITIALIZED_AUTOS = YES_AGGRESSIVE;
				GCC_WARN_UNUSED_FUNCTION = YES;
				GCC_WARN_UNUSED_VARIABLE = YES;
				IPHONEOS_DEPLOYMENT_TARGET = 8.4;
				MTL_ENABLE_DEBUG_INFO = YES;
				ONLY_ACTIVE_ARCH = YES;
				SDKROOT = iphoneos;
			};
			name = Debug;
		};
		19C6A05E1BED7C94003018D2 /* Release */ = {
			isa = XCBuildConfiguration;
			buildSettings = {
				ALWAYS_SEARCH_USER_PATHS = NO;
				CLANG_CXX_LANGUAGE_STANDARD = "gnu++0x";
				CLANG_CXX_LIBRARY = "libc++";
				CLANG_ENABLE_MODULES = YES;
				CLANG_ENABLE_OBJC_ARC = YES;
				CLANG_WARN_BOOL_CONVERSION = YES;
				CLANG_WARN_CONSTANT_CONVERSION = YES;
				CLANG_WARN_DIRECT_OBJC_ISA_USAGE = YES_ERROR;
				CLANG_WARN_EMPTY_BODY = YES;
				CLANG_WARN_ENUM_CONVERSION = YES;
				CLANG_WARN_INT_CONVERSION = YES;
				CLANG_WARN_OBJC_ROOT_CLASS = YES_ERROR;
				CLANG_WARN_UNREACHABLE_CODE = YES;
				CLANG_WARN__DUPLICATE_METHOD_MATCH = YES;
				"CODE_SIGN_IDENTITY[sdk=iphoneos*]" = "iPhone Developer";
				COPY_PHASE_STRIP = NO;
				DEBUG_INFORMATION_FORMAT = "dwarf-with-dsym";
				ENABLE_NS_ASSERTIONS = NO;
				ENABLE_STRICT_OBJC_MSGSEND = YES;
				GCC_C_LANGUAGE_STANDARD = gnu99;
				GCC_NO_COMMON_BLOCKS = YES;
				GCC_WARN_64_TO_32_BIT_CONVERSION = YES;
				GCC_WARN_ABOUT_RETURN_TYPE = YES_ERROR;
				GCC_WARN_UNDECLARED_SELECTOR = YES;
				GCC_WARN_UNINITIALIZED_AUTOS = YES_AGGRESSIVE;
				GCC_WARN_UNUSED_FUNCTION = YES;
				GCC_WARN_UNUSED_VARIABLE = YES;
				IPHONEOS_DEPLOYMENT_TARGET = 8.4;
				MTL_ENABLE_DEBUG_INFO = NO;
				SDKROOT = iphoneos;
				VALIDATE_PRODUCT = YES;
			};
			name = Release;
		};
		19C6A0601BED7C94003018D2 /* Debug */ = {
			isa = XCBuildConfiguration;
			buildSettings = {
				ASSETCATALOG_COMPILER_APPICON_NAME = AppIcon;
				CODE_SIGN_IDENTITY = "iPhone Developer";
				INFOPLIST_FILE = "Lab 7 - Places/Info.plist";
				LD_RUNPATH_SEARCH_PATHS = "$(inherited) @executable_path/Frameworks";
				PRODUCT_NAME = "$(TARGET_NAME)";
			};
			name = Debug;
		};
		19C6A0611BED7C94003018D2 /* Release */ = {
			isa = XCBuildConfiguration;
			buildSettings = {
				ASSETCATALOG_COMPILER_APPICON_NAME = AppIcon;
				CODE_SIGN_IDENTITY = "iPhone Developer";
				INFOPLIST_FILE = "Lab 7 - Places/Info.plist";
				LD_RUNPATH_SEARCH_PATHS = "$(inherited) @executable_path/Frameworks";
				PRODUCT_NAME = "$(TARGET_NAME)";
			};
			name = Release;
		};
		19C6A0631BED7C94003018D2 /* Debug */ = {
			isa = XCBuildConfiguration;
			buildSettings = {
				BUNDLE_LOADER = "$(TEST_HOST)";
				FRAMEWORK_SEARCH_PATHS = (
					"$(SDKROOT)/Developer/Library/Frameworks",
					"$(inherited)",
				);
				GCC_PREPROCESSOR_DEFINITIONS = (
					"DEBUG=1",
					"$(inherited)",
				);
				INFOPLIST_FILE = "Lab 7 - PlacesTests/Info.plist";
				LD_RUNPATH_SEARCH_PATHS = "$(inherited) @executable_path/Frameworks @loader_path/Frameworks";
				PRODUCT_NAME = "$(TARGET_NAME)";
				TEST_HOST = "$(BUILT_PRODUCTS_DIR)/Lab 7 - Places.app/Lab 7 - Places";
			};
			name = Debug;
		};
		19C6A0641BED7C94003018D2 /* Release */ = {
			isa = XCBuildConfiguration;
			buildSettings = {
				BUNDLE_LOADER = "$(TEST_HOST)";
				FRAMEWORK_SEARCH_PATHS = (
					"$(SDKROOT)/Developer/Library/Frameworks",
					"$(inherited)",
				);
				INFOPLIST_FILE = "Lab 7 - PlacesTests/Info.plist";
				LD_RUNPATH_SEARCH_PATHS = "$(inherited) @executable_path/Frameworks @loader_path/Frameworks";
				PRODUCT_NAME = "$(TARGET_NAME)";
				TEST_HOST = "$(BUILT_PRODUCTS_DIR)/Lab 7 - Places.app/Lab 7 - Places";
			};
			name = Release;
		};
/* End XCBuildConfiguration section */

/* Begin XCConfigurationList section */
		19C6A0371BED7C8D003018D2 /* Build configuration list for PBXProject "Lab 7 - Places" */ = {
			isa = XCConfigurationList;
			buildConfigurations = (
				19C6A05D1BED7C94003018D2 /* Debug */,
				19C6A05E1BED7C94003018D2 /* Release */,
			);
			defaultConfigurationIsVisible = 0;
			defaultConfigurationName = Release;
		};
		19C6A05F1BED7C94003018D2 /* Build configuration list for PBXNativeTarget "Lab 7 - Places" */ = {
			isa = XCConfigurationList;
			buildConfigurations = (
				19C6A0601BED7C94003018D2 /* Debug */,
				19C6A0611BED7C94003018D2 /* Release */,
			);
			defaultConfigurationIsVisible = 0;
			defaultConfigurationName = Release;
		};
		19C6A0621BED7C94003018D2 /* Build configuration list for PBXNativeTarget "Lab 7 - PlacesTests" */ = {
			isa = XCConfigurationList;
			buildConfigurations = (
				19C6A0631BED7C94003018D2 /* Debug */,
				19C6A0641BED7C94003018D2 /* Release */,
			);
			defaultConfigurationIsVisible = 0;
			defaultConfigurationName = Release;
		};
/* End XCConfigurationList section */
	};
	rootObject = 19C6A0341BED7C8D003018D2 /* Project object */;
}
